
Microsoft Visual Studio Solution File, Format Version 12.00
# Visual Studio Version 17
VisualStudioVersion = 17.9.34723.18
MinimumVisualStudioVersion = 10.0.40219.1
Project("{FAE04EC0-301F-11D3-BF4B-00C04F79EFBC}") = "Decorator", "Decorator\Decorator.csproj", "{CDCC6FC2-3A4D-4D35-BF2B-D5C142B68B9B}"
EndProject
Global
	GlobalSection(SolutionConfigurationPlatforms) = preSolution
		Debug|Any CPU = Debug|Any CPU
		Release|Any CPU = Release|Any CPU
	EndGlobalSection
	GlobalSection(ProjectConfigurationPlatforms) = postSolution
		{CDCC6FC2-3A4D-4D35-BF2B-D5C142B68B9B}.Debug|Any CPU.ActiveCfg = Debug|Any CPU
		{CDCC6FC2-3A4D-4D35-BF2B-D5C142B68B9B}.Debug|Any CPU.Build.0 = Debug|Any CPU
		{CDCC6FC2-3A4D-4D35-BF2B-D5C142B68B9B}.Release|Any CPU.ActiveCfg = Release|Any CPU
		{CDCC6FC2-3A4D-4D35-BF2B-D5C142B68B9B}.Release|Any CPU.Build.0 = Release|Any CPU
	EndGlobalSection
	GlobalSection(SolutionProperties) = preSolution
		HideSolutionNode = FALSE
	EndGlobalSection
	GlobalSection(ExtensibilityGlobals) = postSolution
		SolutionGuid = {047868F2-710C-4721-A757-AEC0584207EB}
	EndGlobalSection
EndGlobal
